
Microsoft Visual Studio Solution File, Format Version 12.00
# Visual Studio 15
VisualStudioVersion = 15.0.27130.2020
MinimumVisualStudioVersion = 10.0.40219.1
Project("{FAE04EC0-301F-11D3-BF4B-00C04F79EFBC}") = "TrialAndErrorMVC", "TrialAndErrorMVC\TrialAndErrorMVC.csproj", "{B6506AF2-D1F4-4811-B421-CB78D89F15C1}"
EndProject
Global
	GlobalSection(SolutionConfigurationPlatforms) = preSolution
		Debug|Any CPU = Debug|Any CPU
		Release|Any CPU = Release|Any CPU
	EndGlobalSection
	GlobalSection(ProjectConfigurationPlatforms) = postSolution
		{B6506AF2-D1F4-4811-B421-CB78D89F15C1}.Debug|Any CPU.ActiveCfg = Debug|Any CPU
		{B6506AF2-D1F4-4811-B421-CB78D89F15C1}.Debug|Any CPU.Build.0 = Debug|Any CPU
		{B6506AF2-D1F4-4811-B421-CB78D89F15C1}.Release|Any CPU.ActiveCfg = Release|Any CPU
		{B6506AF2-D1F4-4811-B421-CB78D89F15C1}.Release|Any CPU.Build.0 = Release|Any CPU
	EndGlobalSection
	GlobalSection(SolutionProperties) = preSolution
		HideSolutionNode = FALSE
	EndGlobalSection
	GlobalSection(ExtensibilityGlobals) = postSolution
		SolutionGuid = {B401B9AD-E50A-4C2C-ACD6-0A20884864EF}
	EndGlobalSection
EndGlobal
